
Microsoft Visual Studio Solution File, Format Version 12.00
# Visual Studio 15
VisualStudioVersion = 15.0.26730.16
MinimumVisualStudioVersion = 10.0.40219.1
Project("{FAE04EC0-301F-11D3-BF4B-00C04F79EFBC}") = "Calculatornilloed", "Calculatornilloed\Calculatornilloed.csproj", "{DAF7CBB5-6B94-4624-A3F5-23DCAC28B5BB}"
EndProject
Global
	GlobalSection(SolutionConfigurationPlatforms) = preSolution
		Debug|Any CPU = Debug|Any CPU
		Release|Any CPU = Release|Any CPU
	EndGlobalSection
	GlobalSection(ProjectConfigurationPlatforms) = postSolution
		{DAF7CBB5-6B94-4624-A3F5-23DCAC28B5BB}.Debug|Any CPU.ActiveCfg = Debug|Any CPU
		{DAF7CBB5-6B94-4624-A3F5-23DCAC28B5BB}.Debug|Any CPU.Build.0 = Debug|Any CPU
		{DAF7CBB5-6B94-4624-A3F5-23DCAC28B5BB}.Release|Any CPU.ActiveCfg = Release|Any CPU
		{DAF7CBB5-6B94-4624-A3F5-23DCAC28B5BB}.Release|Any CPU.Build.0 = Release|Any CPU
	EndGlobalSection
	GlobalSection(SolutionProperties) = preSolution
		HideSolutionNode = FALSE
	EndGlobalSection
	GlobalSection(ExtensibilityGlobals) = postSolution
		SolutionGuid = {32207EF7-51E8-451F-933D-6367608E3184}
	EndGlobalSection
EndGlobal
