
Microsoft Visual Studio Solution File, Format Version 12.00
# Visual Studio 15
VisualStudioVersion = 15.0.28010.2019
MinimumVisualStudioVersion = 10.0.40219.1
Project("{FAE04EC0-301F-11D3-BF4B-00C04F79EFBC}") = "Lab3_Izon", "Lab3_Izon\Lab3_Izon.csproj", "{5939AAC4-4239-4FBD-8F73-DE7DCA8A6006}"
EndProject
Global
	GlobalSection(SolutionConfigurationPlatforms) = preSolution
		Debug|Any CPU = Debug|Any CPU
		Release|Any CPU = Release|Any CPU
	EndGlobalSection
	GlobalSection(ProjectConfigurationPlatforms) = postSolution
		{5939AAC4-4239-4FBD-8F73-DE7DCA8A6006}.Debug|Any CPU.ActiveCfg = Debug|Any CPU
		{5939AAC4-4239-4FBD-8F73-DE7DCA8A6006}.Debug|Any CPU.Build.0 = Debug|Any CPU
		{5939AAC4-4239-4FBD-8F73-DE7DCA8A6006}.Release|Any CPU.ActiveCfg = Release|Any CPU
		{5939AAC4-4239-4FBD-8F73-DE7DCA8A6006}.Release|Any CPU.Build.0 = Release|Any CPU
	EndGlobalSection
	GlobalSection(SolutionProperties) = preSolution
		HideSolutionNode = FALSE
	EndGlobalSection
	GlobalSection(ExtensibilityGlobals) = postSolution
		SolutionGuid = {C488B1D6-A152-4979-8227-36C7FEB60828}
	EndGlobalSection
EndGlobal
